
Microsoft Visual Studio Solution File, Format Version 12.00
# Visual Studio Version 17
VisualStudioVersion = 17.3.32519.111
MinimumVisualStudioVersion = 10.0.40219.1
Project("{FAE04EC0-301F-11D3-BF4B-00C04F79EFBC}") = "FirefoxProfileBackup", "FirefoxProfileBackup\FirefoxProfileBackup.csproj", "{45097036-58B8-43A5-93CA-9850F9247290}"
EndProject
Global
	GlobalSection(SolutionConfigurationPlatforms) = preSolution
		Debug|Any CPU = Debug|Any CPU
		Debug|x64 = Debug|x64
		Release|Any CPU = Release|Any CPU
		Release|x64 = Release|x64
	EndGlobalSection
	GlobalSection(ProjectConfigurationPlatforms) = postSolution
		{45097036-58B8-43A5-93CA-9850F9247290}.Debug|Any CPU.ActiveCfg = Debug|Any CPU
		{45097036-58B8-43A5-93CA-9850F9247290}.Debug|Any CPU.Build.0 = Debug|Any CPU
		{45097036-58B8-43A5-93CA-9850F9247290}.Debug|x64.ActiveCfg = Debug|x64
		{45097036-58B8-43A5-93CA-9850F9247290}.Debug|x64.Build.0 = Debug|x64
		{45097036-58B8-43A5-93CA-9850F9247290}.Release|Any CPU.ActiveCfg = Release|Any CPU
		{45097036-58B8-43A5-93CA-9850F9247290}.Release|Any CPU.Build.0 = Release|Any CPU
		{45097036-58B8-43A5-93CA-9850F9247290}.Release|x64.ActiveCfg = Release|x64
		{45097036-58B8-43A5-93CA-9850F9247290}.Release|x64.Build.0 = Release|x64
	EndGlobalSection
	GlobalSection(SolutionProperties) = preSolution
		HideSolutionNode = FALSE
	EndGlobalSection
	GlobalSection(ExtensibilityGlobals) = postSolution
		SolutionGuid = {4DC16B22-B38A-4C3C-A033-ACC895CD51C8}
	EndGlobalSection
EndGlobal
